{
    "_readme": [
        "This file locks the dependencies of your project to a known state",
        "Read more about it at http://getcomposer.org/doc/01-basic-usage.md#composer-lock-the-lock-file",
        "This file is @generated automatically"
    ],
    "hash": "7938bb4e446e286757e56a980cb6021f",
    "packages": [
        {
            "name": "composer/installers",
            "version": "v1.0.21",
            "source": {
                "type": "git",
                "url": "https://github.com/composer/installers.git",
                "reference": "d64e23fce42a4063d63262b19b8e7c0f3b5e4c45"
            },
            "dist": {
                "type": "zip",
                "url": "https://api.github.com/repos/composer/installers/zipball/d64e23fce42a4063d63262b19b8e7c0f3b5e4c45",
                "reference": "d64e23fce42a4063d63262b19b8e7c0f3b5e4c45",
                "shasum": ""
            },
            "replace": {
                "roundcube/plugin-installer": "*",
                "shama/baton": "*"
            },
            "require-dev": {
                "composer/composer": "1.0.*@dev",
                "phpunit/phpunit": "4.1.*"
            },
            "type": "composer-installer",
            "extra": {
                "class": "Composer\\Installers\\Installer",
                "branch-alias": {
                    "dev-master": "1.0-dev"
                }
            },
            "autoload": {
                "psr-0": {
                    "Composer\\Installers\\": "src/"
                }
            },
            "notification-url": "https://packagist.org/downloads/",
            "license": [
                "MIT"
            ],
            "authors": [
                {
                    "name": "Kyle Robinson Young",
                    "email": "kyle@dontkry.com",
                    "homepage": "https://github.com/shama"
                }
            ],
            "description": "A multi-framework Composer library installer",
            "homepage": "http://composer.github.com/installers/",
            "keywords": [
                "Craft",
                "Dolibarr",
                "Hurad",
                "MODX Evo",
                "OXID",
                "SMF",
                "Thelia",
                "WolfCMS",
                "agl",
                "aimeos",
                "annotatecms",
                "bitrix",
                "cakephp",
                "chef",
                "codeigniter",
                "concrete5",
                "croogo",
                "dokuwiki",
                "drupal",
                "elgg",
                "fuelphp",
                "grav",
                "installer",
                "joomla",
                "kohana",
                "laravel",
                "lithium",
                "magento",
                "mako",
                "mediawiki",
                "modulework",
                "moodle",
                "phpbb",
                "piwik",
                "ppi",
                "puppet",
                "roundcube",
                "shopware",
                "silverstripe",
                "symfony",
                "typo3",
                "wordpress",
                "zend",
                "zikula"
            ],
            "time": "2015-02-18 17:17:01"
        },
        {
            "name": "fancyguy/webroot-installer",
            "version": "1.1.0",
            "source": {
                "type": "git",
                "url": "https://github.com/fancyguy/webroot-installer.git",
                "reference": "a2d5c2e149d837e5580a62a91d3c91577aa30d28"
            },
            "dist": {
                "type": "zip",
                "url": "https://api.github.com/repos/fancyguy/webroot-installer/zipball/a2d5c2e149d837e5580a62a91d3c91577aa30d28",
                "reference": "a2d5c2e149d837e5580a62a91d3c91577aa30d28",
                "shasum": ""
            },
            "require-dev": {
                "composer/composer": "1.0.*@dev",
                "phpunit/phpunit": "3.7.*"
            },
            "type": "composer-installer",
            "extra": {
                "class": "FancyGuy\\Composer\\WebrootInstaller"
            },
            "autoload": {
                "psr-0": {
                    "FancyGuy\\Composer\\": "src/"
                }
            },
            "notification-url": "https://packagist.org/downloads/",
            "license": [
                "BSD-3-Clause"
            ],
            "authors": [
                {
                    "name": "Steve Buzonas",
                    "email": "steve@fancyguy.com",
                    "homepage": "http://www.stevebuzonas.com"
                }
            ],
            "description": "A composer installer for libraries that live in an application webroot.",
            "homepage": "http://fancyguy.github.com/webroot-installer/",
            "time": "2013-03-15 17:51:14"
        },
        {
            "name": "wordpress",
            "version": "4.1.1",
            "dist": {
                "type": "zip",
                "url": "https://github.com/WordPress/WordPress/archive/4.1.1.zip",
                "reference": null,
                "shasum": null
            },
            "require": {
                "fancyguy/webroot-installer": "1.1.0"
            },
            "type": "webroot"
        },
        {
            "name": "wpackagist-plugin/admin-menu-editor",
            "version": "1.4.3",
            "source": {
                "type": "svn",
                "url": "http://plugins.svn.wordpress.org/admin-menu-editor/",
                "reference": "tags/1.4.3"
            },
            "dist": {
                "type": "zip",
                "url": "http://downloads.wordpress.org/plugin/admin-menu-editor.1.4.3.zip",
                "reference": null,
                "shasum": null
            },
            "require": {
                "composer/installers": "~1.0"
            },
            "type": "wordpress-plugin",
            "homepage": "https://wordpress.org/plugins/admin-menu-editor/"
        },
        {
            "name": "wpackagist-plugin/admin-toolbar-menus",
            "version": "1.0.1",
            "source": {
                "type": "svn",
                "url": "http://plugins.svn.wordpress.org/admin-toolbar-menus/",
                "reference": "tags/1.0.1"
            },
            "dist": {
                "type": "zip",
                "url": "http://downloads.wordpress.org/plugin/admin-toolbar-menus.1.0.1.zip",
                "reference": null,
                "shasum": null
            },
            "require": {
                "composer/installers": "~1.0"
            },
            "type": "wordpress-plugin",
            "homepage": "https://wordpress.org/plugins/admin-toolbar-menus/"
        },
        {
            "name": "wpackagist-plugin/newsletter",
            "version": "3.6.7",
            "source": {
                "type": "svn",
                "url": "http://plugins.svn.wordpress.org/newsletter/",
                "reference": "trunk"
            },
            "dist": {
                "type": "zip",
                "url": "http://downloads.wordpress.org/plugin/newsletter.zip",
                "reference": null,
                "shasum": null
            },
            "require": {
                "composer/installers": "~1.0"
            },
            "type": "wordpress-plugin",
            "homepage": "https://wordpress.org/plugins/newsletter/"
        },
        {
            "name": "wpackagist-plugin/regenerate-thumbnails",
            "version": "2.2.4",
            "source": {
                "type": "svn",
                "url": "http://plugins.svn.wordpress.org/regenerate-thumbnails/",
                "reference": "tags/2.2.4"
            },
            "dist": {
                "type": "zip",
                "url": "http://downloads.wordpress.org/plugin/regenerate-thumbnails.2.2.4.zip",
                "reference": null,
                "shasum": null
            },
            "require": {
                "composer/installers": "~1.0"
            },
            "type": "wordpress-plugin",
            "homepage": "https://wordpress.org/plugins/regenerate-thumbnails/"
        },
        {
            "name": "wpackagist-plugin/revision-control",
            "version": "2.3.1",
            "source": {
                "type": "svn",
                "url": "http://plugins.svn.wordpress.org/revision-control/",
                "reference": "tags/2.3.1"
            },
            "dist": {
                "type": "zip",
                "url": "http://downloads.wordpress.org/plugin/revision-control.2.3.1.zip",
                "reference": null,
                "shasum": null
            },
            "require": {
                "composer/installers": "~1.0"
            },
            "type": "wordpress-plugin",
            "homepage": "https://wordpress.org/plugins/revision-control/"
        },
        {
            "name": "wpackagist-plugin/visual-form-builder",
            "version": "2.8.1",
            "source": {
                "type": "svn",
                "url": "http://plugins.svn.wordpress.org/visual-form-builder/",
                "reference": "tags/2.8.1"
            },
            "dist": {
                "type": "zip",
                "url": "http://downloads.wordpress.org/plugin/visual-form-builder.2.8.1.zip",
                "reference": null,
                "shasum": null
            },
            "require": {
                "composer/installers": "~1.0"
            },
            "type": "wordpress-plugin",
            "homepage": "https://wordpress.org/plugins/visual-form-builder/"
        },
        {
            "name": "wpackagist-plugin/woocommerce",
            "version": "2.3.5",
            "source": {
                "type": "svn",
                "url": "http://plugins.svn.wordpress.org/woocommerce/",
                "reference": "tags/2.3.5"
            },
            "dist": {
                "type": "zip",
                "url": "http://downloads.wordpress.org/plugin/woocommerce.2.3.5.zip",
                "reference": null,
                "shasum": null
            },
            "require": {
                "composer/installers": "~1.0"
            },
            "type": "wordpress-plugin",
            "homepage": "https://wordpress.org/plugins/woocommerce/"
        },
        {
            "name": "wpackagist-plugin/woocommerce-attributes-menu-manager",
            "version": "0.2",
            "source": {
                "type": "svn",
                "url": "http://plugins.svn.wordpress.org/woocommerce-attributes-menu-manager/",
                "reference": "tags/0.2"
            },
            "dist": {
                "type": "zip",
                "url": "http://downloads.wordpress.org/plugin/woocommerce-attributes-menu-manager.0.2.zip",
                "reference": null,
                "shasum": null
            },
            "require": {
                "composer/installers": "~1.0"
            },
            "type": "wordpress-plugin",
            "homepage": "https://wordpress.org/plugins/woocommerce-attributes-menu-manager/"
        },
        {
            "name": "wpackagist-plugin/woocommerce-cart-tab",
            "version": "0.3.1",
            "source": {
                "type": "svn",
                "url": "http://plugins.svn.wordpress.org/woocommerce-cart-tab/",
                "reference": "tags/0.3.1"
            },
            "dist": {
                "type": "zip",
                "url": "http://downloads.wordpress.org/plugin/woocommerce-cart-tab.0.3.1.zip",
                "reference": null,
                "shasum": null
            },
            "require": {
                "composer/installers": "~1.0"
            },
            "type": "wordpress-plugin",
            "homepage": "https://wordpress.org/plugins/woocommerce-cart-tab/"
        },
        {
            "name": "wpackagist-plugin/woocommerce-customizer",
            "version": "2.1.0",
            "source": {
                "type": "svn",
                "url": "http://plugins.svn.wordpress.org/woocommerce-customizer/",
                "reference": "tags/2.1.0"
            },
            "dist": {
                "type": "zip",
                "url": "http://downloads.wordpress.org/plugin/woocommerce-customizer.2.1.0.zip",
                "reference": null,
                "shasum": null
            },
            "require": {
                "composer/installers": "~1.0"
            },
            "type": "wordpress-plugin",
            "homepage": "https://wordpress.org/plugins/woocommerce-customizer/"
        },
        {
            "name": "wpackagist-plugin/woocommerce-product-archive-customiser",
            "version": "0.5.0",
            "source": {
                "type": "svn",
                "url": "http://plugins.svn.wordpress.org/woocommerce-product-archive-customiser/",
                "reference": "tags/0.5.0"
            },
            "dist": {
                "type": "zip",
                "url": "http://downloads.wordpress.org/plugin/woocommerce-product-archive-customiser.0.5.0.zip",
                "reference": null,
                "shasum": null
            },
            "require": {
                "composer/installers": "~1.0"
            },
            "type": "wordpress-plugin",
            "homepage": "https://wordpress.org/plugins/woocommerce-product-archive-customiser/"
        },
        {
            "name": "wpackagist-plugin/woocommerce-product-details-customiser",
            "version": "0.2.0",
            "source": {
                "type": "svn",
                "url": "http://plugins.svn.wordpress.org/woocommerce-product-details-customiser/",
                "reference": "tags/0.2.0"
            },
            "dist": {
                "type": "zip",
                "url": "http://downloads.wordpress.org/plugin/woocommerce-product-details-customiser.0.2.0.zip",
                "reference": null,
                "shasum": null
            },
            "require": {
                "composer/installers": "~1.0"
            },
            "type": "wordpress-plugin",
            "homepage": "https://wordpress.org/plugins/woocommerce-product-details-customiser/"
        },
        {
            "name": "wpackagist-plugin/woocommerce-product-image-flipper",
            "version": "0.2.0",
            "source": {
                "type": "svn",
                "url": "http://plugins.svn.wordpress.org/woocommerce-product-image-flipper/",
                "reference": "tags/0.2.0"
            },
            "dist": {
                "type": "zip",
                "url": "http://downloads.wordpress.org/plugin/woocommerce-product-image-flipper.0.2.0.zip",
                "reference": null,
                "shasum": null
            },
            "require": {
                "composer/installers": "~1.0"
            },
            "type": "wordpress-plugin",
            "homepage": "https://wordpress.org/plugins/woocommerce-product-image-flipper/"
        },
        {
            "name": "wpackagist-plugin/woocommerce-product-sku-generator",
            "version": "1.2.1",
            "source": {
                "type": "svn",
                "url": "http://plugins.svn.wordpress.org/woocommerce-product-sku-generator/",
                "reference": "tags/1.2.1"
            },
            "dist": {
                "type": "zip",
                "url": "http://downloads.wordpress.org/plugin/woocommerce-product-sku-generator.1.2.1.zip",
                "reference": null,
                "shasum": null
            },
            "require": {
                "composer/installers": "~1.0"
            },
            "type": "wordpress-plugin",
            "homepage": "https://wordpress.org/plugins/woocommerce-product-sku-generator/"
        },
        {
            "name": "wpackagist-plugin/yith-woocommerce-zoom-magnifier",
            "version": "1.1.5",
            "source": {
                "type": "svn",
                "url": "http://plugins.svn.wordpress.org/yith-woocommerce-zoom-magnifier/",
                "reference": "tags/1.1.5"
            },
            "dist": {
                "type": "zip",
                "url": "http://downloads.wordpress.org/plugin/yith-woocommerce-zoom-magnifier.1.1.5.zip",
                "reference": null,
                "shasum": null
            },
            "require": {
                "composer/installers": "~1.0"
            },
            "type": "wordpress-plugin",
            "homepage": "https://wordpress.org/plugins/yith-woocommerce-zoom-magnifier/"
        }
    ],
    "packages-dev": [
        {
            "name": "wpackagist-plugin/debug-bar",
            "version": "0.8.2",
            "source": {
                "type": "svn",
                "url": "http://plugins.svn.wordpress.org/debug-bar/",
                "reference": "tags/0.8.2"
            },
            "dist": {
                "type": "zip",
                "url": "http://downloads.wordpress.org/plugin/debug-bar.0.8.2.zip",
                "reference": null,
                "shasum": null
            },
            "require": {
                "composer/installers": "~1.0"
            },
            "type": "wordpress-plugin",
            "homepage": "https://wordpress.org/plugins/debug-bar/"
        },
        {
            "name": "wpackagist-plugin/developer",
            "version": "1.2.5",
            "source": {
                "type": "svn",
                "url": "http://plugins.svn.wordpress.org/developer/",
                "reference": "tags/1.2.5"
            },
            "dist": {
                "type": "zip",
                "url": "http://downloads.wordpress.org/plugin/developer.1.2.5.zip",
                "reference": null,
                "shasum": null
            },
            "require": {
                "composer/installers": "~1.0"
            },
            "type": "wordpress-plugin",
            "homepage": "https://wordpress.org/plugins/developer/"
        },
        {
            "name": "wpackagist-plugin/hide-admin-bar",
            "version": "0.2.6",
            "source": {
                "type": "svn",
                "url": "http://plugins.svn.wordpress.org/hide-admin-bar/",
                "reference": "tags/0.2.6"
            },
            "dist": {
                "type": "zip",
                "url": "http://downloads.wordpress.org/plugin/hide-admin-bar.0.2.6.zip",
                "reference": null,
                "shasum": null
            },
            "require": {
                "composer/installers": "~1.0"
            },
            "type": "wordpress-plugin",
            "homepage": "https://wordpress.org/plugins/hide-admin-bar/"
        },
        {
            "name": "wpackagist-plugin/menubar",
            "version": "5.2",
            "source": {
                "type": "svn",
                "url": "http://plugins.svn.wordpress.org/menubar/",
                "reference": "tags/5.2"
            },
            "dist": {
                "type": "zip",
                "url": "http://downloads.wordpress.org/plugin/menubar.5.2.zip",
                "reference": null,
                "shasum": null
            },
            "require": {
                "composer/installers": "~1.0"
            },
            "type": "wordpress-plugin",
            "homepage": "https://wordpress.org/plugins/menubar/"
        },
        {
            "name": "wpackagist-plugin/query-monitor",
            "version": "2.6.10",
            "source": {
                "type": "svn",
                "url": "http://plugins.svn.wordpress.org/query-monitor/",
                "reference": "tags/2.6.10"
            },
            "dist": {
                "type": "zip",
                "url": "http://downloads.wordpress.org/plugin/query-monitor.2.6.10.zip",
                "reference": null,
                "shasum": null
            },
            "require": {
                "composer/installers": "~1.0"
            },
            "type": "wordpress-plugin",
            "homepage": "https://wordpress.org/plugins/query-monitor/"
        },
        {
            "name": "wpackagist-plugin/theme-check",
            "version": "20141222.1",
            "source": {
                "type": "svn",
                "url": "http://plugins.svn.wordpress.org/theme-check/",
                "reference": "tags/20141222.1"
            },
            "dist": {
                "type": "zip",
                "url": "http://downloads.wordpress.org/plugin/theme-check.20141222.1.zip",
                "reference": null,
                "shasum": null
            },
            "require": {
                "composer/installers": "~1.0"
            },
            "type": "wordpress-plugin",
            "homepage": "https://wordpress.org/plugins/theme-check/"
        },
        {
            "name": "wpackagist-plugin/unyson",
            "version": "2.1.25",
            "source": {
                "type": "svn",
                "url": "http://plugins.svn.wordpress.org/unyson/",
                "reference": "tags/2.1.25"
            },
            "dist": {
                "type": "zip",
                "url": "http://downloads.wordpress.org/plugin/unyson.2.1.25.zip",
                "reference": null,
                "shasum": null
            },
            "require": {
                "composer/installers": "~1.0"
            },
            "type": "wordpress-plugin",
            "homepage": "https://wordpress.org/plugins/unyson/"
        },
        {
            "name": "wpackagist-plugin/wordpress-database-reset",
            "version": "2.3.1",
            "source": {
                "type": "svn",
                "url": "http://plugins.svn.wordpress.org/wordpress-database-reset/",
                "reference": "tags/2.3.1"
            },
            "dist": {
                "type": "zip",
                "url": "http://downloads.wordpress.org/plugin/wordpress-database-reset.2.3.1.zip",
                "reference": null,
                "shasum": null
            },
            "require": {
                "composer/installers": "~1.0"
            },
            "type": "wordpress-plugin",
            "homepage": "https://wordpress.org/plugins/wordpress-database-reset/"
        },
        {
            "name": "wpackagist-plugin/wp-optimize",
            "version": "1.8.9.7",
            "source": {
                "type": "svn",
                "url": "http://plugins.svn.wordpress.org/wp-optimize/",
                "reference": "tags/1.8.9.7"
            },
            "dist": {
                "type": "zip",
                "url": "http://downloads.wordpress.org/plugin/wp-optimize.1.8.9.7.zip",
                "reference": null,
                "shasum": null
            },
            "require": {
                "composer/installers": "~1.0"
            },
            "type": "wordpress-plugin",
            "homepage": "https://wordpress.org/plugins/wp-optimize/"
        }
    ],
    "aliases": [],
    "minimum-stability": "stable",
    "stability-flags": [],
    "prefer-stable": false,
    "platform": {
        "php": ">=5.3.0"
    },
    "platform-dev": []
}
